{
  "lockfileVersion": 1,
  "packages": {
    "eslint@8": {
      "ref": "8.57.1"
    }
  },
  "sets": [
    {
      "package": "eslint@8",
      "selector": {
        "files": [
          "conf/globals.js"
        ]
      },
      "output": {
        "path": "output/eslint",
        "managed": false
      },
      "presets": [
        "extra"
      ]
    }
  ]
}
