{
  "lockfileVersion": 1,
  "packages": {
    "git:file:///Users/flaviostutz/Documents/development/flaviostutz/filedist/examples/git-sources-config/repos/parent-repo@v2.0.0": {
      "ref": "e1dca23422fe"
    },
    "git:file:///Users/flaviostutz/Documents/development/flaviostutz/filedist/examples/git-sources-config/repos/child-repo@v1.0.0": {
      "ref": "992a5d0125ae"
    }
  }
}
