{
  "lockfileVersion": 1,
  "packages": {
    "example-files-package": {
      "ref": "1.0.0"
    },
    "eslint@8": {
      "ref": "8.57.1"
    }
  },
  "sets": [
    {
      "package": "example-files-package",
      "selector": {
        "files": [
          ".configs/**",
          "docs/**"
        ],
        "exclude": [
          ".configs/database.config.json"
        ]
      },
      "output": {
        "path": "output",
        "gitignore": true
      }
    },
    {
      "package": "example-files-package",
      "selector": {
        "files": [
          ".configs/database.config.json"
        ]
      },
      "output": {
        "path": "output",
        "managed": false,
        "mutable": true
      }
    }
  ],
  "managed_files": {
    "output": [
      ".configs/app.config.json|example-files-package|1.0.0|file|a3a666b83768|0",
      "docs/README.md|example-files-package|1.0.0|file|b85a548ab52b|0",
      "docs/adrs/adr-001-sample1.md|example-files-package|1.0.0|file|310a53f15562|0",
      "docs/adrs/adr-002-sample2.md|example-files-package|1.0.0|file|892292b3de5d|0"
    ]
  }
}
